
Microsoft Visual Studio Solution File, Format Version 12.00
# Visual Studio Version 16
VisualStudioVersion = 16.0.28803.156
MinimumVisualStudioVersion = 10.0.40219.1
Project("{FAE04EC0-301F-11D3-BF4B-00C04F79EFBC}") = "SistemaHotel", "SistemaHotel\SistemaHotel.csproj", "{0A64D16F-C268-4E1B-9A3A-1D2F723FDAD6}"
EndProject
Project("{54435603-DBB4-11D2-8724-00A0C9A8B90C}") = "InstaladorSistemaHotel", "InstaladorSistemaHotel\InstaladorSistemaHotel.vdproj", "{75AF5D64-85A8-40D9-8708-C24323B790DE}"
EndProject
Global
	GlobalSection(SolutionConfigurationPlatforms) = preSolution
		Debug|Any CPU = Debug|Any CPU
		Release|Any CPU = Release|Any CPU
	EndGlobalSection
	GlobalSection(ProjectConfigurationPlatforms) = postSolution
		{0A64D16F-C268-4E1B-9A3A-1D2F723FDAD6}.Debug|Any CPU.ActiveCfg = Debug|Any CPU
		{0A64D16F-C268-4E1B-9A3A-1D2F723FDAD6}.Debug|Any CPU.Build.0 = Debug|Any CPU
		{0A64D16F-C268-4E1B-9A3A-1D2F723FDAD6}.Release|Any CPU.ActiveCfg = Release|Any CPU
		{0A64D16F-C268-4E1B-9A3A-1D2F723FDAD6}.Release|Any CPU.Build.0 = Release|Any CPU
		{75AF5D64-85A8-40D9-8708-C24323B790DE}.Debug|Any CPU.ActiveCfg = Debug
		{75AF5D64-85A8-40D9-8708-C24323B790DE}.Release|Any CPU.ActiveCfg = Release
	EndGlobalSection
	GlobalSection(SolutionProperties) = preSolution
		HideSolutionNode = FALSE
	EndGlobalSection
	GlobalSection(ExtensibilityGlobals) = postSolution
		SolutionGuid = {123CC20E-CD28-4F0E-86F2-32C7E710AE84}
	EndGlobalSection
EndGlobal
